
Microsoft Visual Studio Solution File, Format Version 12.00
# Visual Studio 15
VisualStudioVersion = 15.0.28307.168
MinimumVisualStudioVersion = 10.0.40219.1
Project("{FAE04EC0-301F-11D3-BF4B-00C04F79EFBC}") = "OrderPlacementFunc", "OrderPlacementFunc\OrderPlacementFunc.csproj", "{671E960D-AE1F-4FF8-896C-3767E48E1C02}"
EndProject
Global
	GlobalSection(SolutionConfigurationPlatforms) = preSolution
		Debug|Any CPU = Debug|Any CPU
		Release|Any CPU = Release|Any CPU
	EndGlobalSection
	GlobalSection(ProjectConfigurationPlatforms) = postSolution
		{671E960D-AE1F-4FF8-896C-3767E48E1C02}.Debug|Any CPU.ActiveCfg = Debug|Any CPU
		{671E960D-AE1F-4FF8-896C-3767E48E1C02}.Debug|Any CPU.Build.0 = Debug|Any CPU
		{671E960D-AE1F-4FF8-896C-3767E48E1C02}.Release|Any CPU.ActiveCfg = Release|Any CPU
		{671E960D-AE1F-4FF8-896C-3767E48E1C02}.Release|Any CPU.Build.0 = Release|Any CPU
	EndGlobalSection
	GlobalSection(SolutionProperties) = preSolution
		HideSolutionNode = FALSE
	EndGlobalSection
	GlobalSection(ExtensibilityGlobals) = postSolution
		SolutionGuid = {D505CA16-3247-4EB4-815A-D7C0E799596C}
	EndGlobalSection
EndGlobal
